
Microsoft Visual Studio Solution File, Format Version 12.00
# Visual Studio Version 17
VisualStudioVersion = 17.7.34031.279
MinimumVisualStudioVersion = 10.0.40219.1
Project("{9A19103F-16F7-4668-BE54-9A1E7A4F7556}") = "EmersonAPI", "EmersonAPI\EmersonAPI.csproj", "{B3A44B32-8569-4F95-89E3-877F46D64145}"
EndProject
Project("{9A19103F-16F7-4668-BE54-9A1E7A4F7556}") = "EmersonDB", "EmersonDB\EmersonDB.csproj", "{65BAAE69-5655-426F-8294-2B3FC875E10A}"
EndProject
Project("{9A19103F-16F7-4668-BE54-9A1E7A4F7556}") = "EmersonCommonUtility", "CommonUtility\EmersonCommonUtility.csproj", "{675BBF9A-B8E6-4AE8-A0CA-7FBC0445B392}"
EndProject
Project("{9A19103F-16F7-4668-BE54-9A1E7A4F7556}") = "EmersonWeb", "EmersonWeb\EmersonWeb.csproj", "{06B81A47-E92C-4D8D-B14F-6D11859C13AD}"
EndProject
Project("{FAE04EC0-301F-11D3-BF4B-00C04F79EFBC}") = "EmersonAPITests", "EmersonAPITests\EmersonAPITests.csproj", "{86A5318D-7588-4B5A-90C8-5DC57164BDCB}"
EndProject
Global
	GlobalSection(SolutionConfigurationPlatforms) = preSolution
		Debug|Any CPU = Debug|Any CPU
		Release|Any CPU = Release|Any CPU
	EndGlobalSection
	GlobalSection(ProjectConfigurationPlatforms) = postSolution
		{B3A44B32-8569-4F95-89E3-877F46D64145}.Debug|Any CPU.ActiveCfg = Debug|Any CPU
		{B3A44B32-8569-4F95-89E3-877F46D64145}.Debug|Any CPU.Build.0 = Debug|Any CPU
		{B3A44B32-8569-4F95-89E3-877F46D64145}.Release|Any CPU.ActiveCfg = Release|Any CPU
		{B3A44B32-8569-4F95-89E3-877F46D64145}.Release|Any CPU.Build.0 = Release|Any CPU
		{65BAAE69-5655-426F-8294-2B3FC875E10A}.Debug|Any CPU.ActiveCfg = Debug|Any CPU
		{65BAAE69-5655-426F-8294-2B3FC875E10A}.Debug|Any CPU.Build.0 = Debug|Any CPU
		{65BAAE69-5655-426F-8294-2B3FC875E10A}.Release|Any CPU.ActiveCfg = Release|Any CPU
		{65BAAE69-5655-426F-8294-2B3FC875E10A}.Release|Any CPU.Build.0 = Release|Any CPU
		{675BBF9A-B8E6-4AE8-A0CA-7FBC0445B392}.Debug|Any CPU.ActiveCfg = Debug|Any CPU
		{675BBF9A-B8E6-4AE8-A0CA-7FBC0445B392}.Debug|Any CPU.Build.0 = Debug|Any CPU
		{675BBF9A-B8E6-4AE8-A0CA-7FBC0445B392}.Release|Any CPU.ActiveCfg = Release|Any CPU
		{675BBF9A-B8E6-4AE8-A0CA-7FBC0445B392}.Release|Any CPU.Build.0 = Release|Any CPU
		{06B81A47-E92C-4D8D-B14F-6D11859C13AD}.Debug|Any CPU.ActiveCfg = Debug|Any CPU
		{06B81A47-E92C-4D8D-B14F-6D11859C13AD}.Debug|Any CPU.Build.0 = Debug|Any CPU
		{06B81A47-E92C-4D8D-B14F-6D11859C13AD}.Release|Any CPU.ActiveCfg = Release|Any CPU
		{06B81A47-E92C-4D8D-B14F-6D11859C13AD}.Release|Any CPU.Build.0 = Release|Any CPU
		{86A5318D-7588-4B5A-90C8-5DC57164BDCB}.Debug|Any CPU.ActiveCfg = Debug|Any CPU
		{86A5318D-7588-4B5A-90C8-5DC57164BDCB}.Debug|Any CPU.Build.0 = Debug|Any CPU
		{86A5318D-7588-4B5A-90C8-5DC57164BDCB}.Release|Any CPU.ActiveCfg = Release|Any CPU
		{86A5318D-7588-4B5A-90C8-5DC57164BDCB}.Release|Any CPU.Build.0 = Release|Any CPU
	EndGlobalSection
	GlobalSection(SolutionProperties) = preSolution
		HideSolutionNode = FALSE
	EndGlobalSection
	GlobalSection(ExtensibilityGlobals) = postSolution
		SolutionGuid = {32FFCF36-9985-4733-B52F-7C11B4BA7DE1}
	EndGlobalSection
EndGlobal
